
Microsoft Visual Studio Solution File, Format Version 12.00
# Visual Studio Version 17
VisualStudioVersion = 17.13.35828.75 d17.13
MinimumVisualStudioVersion = 10.0.40219.1
Project("{FAE04EC0-301F-11D3-BF4B-00C04F79EFBC}") = "roverControl", "roverControl.csproj", "{3A0F606A-CF07-41E9-B273-B21FE18F0D6B}"
EndProject
Global
	GlobalSection(SolutionConfigurationPlatforms) = preSolution
		Debug|Any CPU = Debug|Any CPU
		Release|Any CPU = Release|Any CPU
	EndGlobalSection
	GlobalSection(ProjectConfigurationPlatforms) = postSolution
		{3A0F606A-CF07-41E9-B273-B21FE18F0D6B}.Debug|Any CPU.ActiveCfg = Debug|Any CPU
		{3A0F606A-CF07-41E9-B273-B21FE18F0D6B}.Debug|Any CPU.Build.0 = Debug|Any CPU
		{3A0F606A-CF07-41E9-B273-B21FE18F0D6B}.Release|Any CPU.ActiveCfg = Release|Any CPU
		{3A0F606A-CF07-41E9-B273-B21FE18F0D6B}.Release|Any CPU.Build.0 = Release|Any CPU
	EndGlobalSection
	GlobalSection(SolutionProperties) = preSolution
		HideSolutionNode = FALSE
	EndGlobalSection
	GlobalSection(ExtensibilityGlobals) = postSolution
		SolutionGuid = {211DFEC1-8698-4939-A08B-AE1D25AE5707}
	EndGlobalSection
EndGlobal
